
Microsoft Visual Studio Solution File, Format Version 12.00
# Visual Studio Version 16
VisualStudioVersion = 16.0.30503.244
MinimumVisualStudioVersion = 10.0.40219.1
Project("{FAE04EC0-301F-11D3-BF4B-00C04F79EFBC}") = "Gestion-Banco-De-Sangre", "Gestion-Banco-De-Sangre.csproj", "{90746EE8-0909-423C-8EE4-F17BFB1123B9}"
EndProject
Global
	GlobalSection(SolutionConfigurationPlatforms) = preSolution
		Debug|Any CPU = Debug|Any CPU
		Release|Any CPU = Release|Any CPU
	EndGlobalSection
	GlobalSection(ProjectConfigurationPlatforms) = postSolution
		{90746EE8-0909-423C-8EE4-F17BFB1123B9}.Debug|Any CPU.ActiveCfg = Debug|Any CPU
		{90746EE8-0909-423C-8EE4-F17BFB1123B9}.Debug|Any CPU.Build.0 = Debug|Any CPU
		{90746EE8-0909-423C-8EE4-F17BFB1123B9}.Release|Any CPU.ActiveCfg = Release|Any CPU
		{90746EE8-0909-423C-8EE4-F17BFB1123B9}.Release|Any CPU.Build.0 = Release|Any CPU
	EndGlobalSection
	GlobalSection(SolutionProperties) = preSolution
		HideSolutionNode = FALSE
	EndGlobalSection
	GlobalSection(ExtensibilityGlobals) = postSolution
		SolutionGuid = {A3C5AD72-526E-4F4B-8884-C477FCE08079}
	EndGlobalSection
EndGlobal
